
Microsoft Visual Studio Solution File, Format Version 12.00
# Visual Studio 2012
Project("{FAE04EC0-301F-11D3-BF4B-00C04F79EFBC}") = "DataWedgeFormsApp", "DataWedgeFormsApp\DataWedgeFormsApp.csproj", "{92C88E25-07CE-46DC-9C3F-D11331C2A3E7}"
EndProject
Project("{FAE04EC0-301F-11D3-BF4B-00C04F79EFBC}") = "DataWedgeFormsApp.Droid", "Droid\DataWedgeFormsApp.Droid.csproj", "{D50592BB-0218-4027-9172-49688CCB3ADF}"
EndProject
Global
	GlobalSection(SolutionConfigurationPlatforms) = preSolution
		Debug|Any CPU = Debug|Any CPU
		Release|Any CPU = Release|Any CPU
	EndGlobalSection
	GlobalSection(ProjectConfigurationPlatforms) = postSolution
		{92C88E25-07CE-46DC-9C3F-D11331C2A3E7}.Debug|Any CPU.ActiveCfg = Debug|Any CPU
		{92C88E25-07CE-46DC-9C3F-D11331C2A3E7}.Debug|Any CPU.Build.0 = Debug|Any CPU
		{92C88E25-07CE-46DC-9C3F-D11331C2A3E7}.Release|Any CPU.ActiveCfg = Release|Any CPU
		{92C88E25-07CE-46DC-9C3F-D11331C2A3E7}.Release|Any CPU.Build.0 = Release|Any CPU
		{D50592BB-0218-4027-9172-49688CCB3ADF}.Debug|Any CPU.ActiveCfg = Debug|Any CPU
		{D50592BB-0218-4027-9172-49688CCB3ADF}.Debug|Any CPU.Build.0 = Debug|Any CPU
		{D50592BB-0218-4027-9172-49688CCB3ADF}.Release|Any CPU.ActiveCfg = Release|Any CPU
		{D50592BB-0218-4027-9172-49688CCB3ADF}.Release|Any CPU.Build.0 = Release|Any CPU
	EndGlobalSection
EndGlobal
